{
  "version": 4,
  "terraform_version": "1.4.0",
  "serial": 52,
  "lineage": "81b23972-e8b3-8ed0-fbf6-e176f8df4153",
  "outputs": {
    "instance_arn": {
      "value": "arn:aws:ec2:us-west-2:198057327007:instance/i-086abd8af10f75549",
      "type": "string"
    },
    "instance_ip": {
      "value": "35.91.186.149",
      "type": "string"
    }
  },
  "resources": [
    {
      "mode": "data",
      "type": "aws_vpc",
      "name": "default_vpc",
      "provider": "provider[\"registry.terraform.io/hashicorp/aws\"]",
      "instances": [
        {
          "schema_version": 0,
          "attributes": {
            "arn": "arn:aws:ec2:us-west-2:198057327007:vpc/vpc-016d7f2f9795c85e2",
            "cidr_block": "172.31.0.0/16",
            "cidr_block_associations": [
              {
                "association_id": "vpc-cidr-assoc-097c6270267532b89",
                "cidr_block": "172.31.0.0/16",
                "state": "associated"
              }
            ],
            "default": true,
            "dhcp_options_id": "dopt-02f13e6e752176fcf",
            "enable_dns_hostnames": true,
            "enable_dns_support": true,
            "enable_network_address_usage_metrics": false,
            "filter": null,
            "id": "vpc-016d7f2f9795c85e2",
            "instance_tenancy": "default",
            "ipv6_association_id": "",
            "ipv6_cidr_block": "",
            "main_route_table_id": "rtb-0ccf3e24a5701171b",
            "owner_id": "198057327007",
            "state": null,
            "tags": {},
            "timeouts": null
          },
          "sensitive_attributes": []
        }
      ]
    },
    {
      "mode": "data",
      "type": "template_file",
      "name": "test_inst_user_data",
      "provider": "provider[\"registry.terraform.io/hashicorp/template\"]",
      "instances": [
        {
          "schema_version": 0,
          "attributes": {
            "filename": null,
            "id": "708ff514b0fc9e595f76c1f18d5e76cee411a80b4f6b9b7f648971c142dd0b89",
            "rendered": "#cloud-config\npackages:\n  - httpd\nruncmd:\n  - systemctl start httpd\n  - sudo systemctl enable httpd",
            "template": "#cloud-config\npackages:\n  - httpd\nruncmd:\n  - systemctl start httpd\n  - sudo systemctl enable httpd",
            "vars": null
          },
          "sensitive_attributes": []
        }
      ]
    },
    {
      "mode": "managed",
      "type": "aws_instance",
      "name": "test-instance",
      "provider": "provider[\"registry.terraform.io/hashicorp/aws\"]",
      "instances": [
        {
          "schema_version": 1,
          "attributes": {
            "ami": "ami-0df24e148fdb9f1d8",
            "arn": "arn:aws:ec2:us-west-2:198057327007:instance/i-086abd8af10f75549",
            "associate_public_ip_address": true,
            "availability_zone": "us-west-2a",
            "capacity_reservation_specification": [
              {
                "capacity_reservation_preference": "open",
                "capacity_reservation_target": []
              }
            ],
            "cpu_core_count": 1,
            "cpu_threads_per_core": 1,
            "credit_specification": [
              {
                "cpu_credits": "standard"
              }
            ],
            "disable_api_stop": false,
            "disable_api_termination": false,
            "ebs_block_device": [],
            "ebs_optimized": false,
            "enclave_options": [
              {
                "enabled": false
              }
            ],
            "ephemeral_block_device": [],
            "get_password_data": false,
            "hibernation": false,
            "host_id": "",
            "host_resource_group_arn": null,
            "iam_instance_profile": "",
            "id": "i-086abd8af10f75549",
            "instance_initiated_shutdown_behavior": "stop",
            "instance_state": "running",
            "instance_type": "t2.micro",
            "ipv6_address_count": 0,
            "ipv6_addresses": [],
            "key_name": "deployer",
            "launch_template": [],
            "maintenance_options": [
              {
                "auto_recovery": "default"
              }
            ],
            "metadata_options": [
              {
                "http_endpoint": "enabled",
                "http_put_response_hop_limit": 1,
                "http_tokens": "optional",
                "instance_metadata_tags": "disabled"
              }
            ],
            "monitoring": false,
            "network_interface": [],
            "outpost_arn": "",
            "password_data": "",
            "placement_group": "",
            "placement_partition_number": 0,
            "primary_network_interface_id": "eni-0813e2a583642bf33",
            "private_dns": "ip-172-31-28-91.us-west-2.compute.internal",
            "private_dns_name_options": [
              {
                "enable_resource_name_dns_a_record": false,
                "enable_resource_name_dns_aaaa_record": false,
                "hostname_type": "ip-name"
              }
            ],
            "private_ip": "172.31.28.91",
            "public_dns": "ec2-35-91-186-149.us-west-2.compute.amazonaws.com",
            "public_ip": "35.91.186.149",
            "root_block_device": [
              {
                "delete_on_termination": true,
                "device_name": "/dev/xvda",
                "encrypted": false,
                "iops": 100,
                "kms_key_id": "",
                "tags": {},
                "throughput": 0,
                "volume_id": "vol-00162322cf4292e87",
                "volume_size": 8,
                "volume_type": "gp2"
              }
            ],
            "secondary_private_ips": [],
            "security_groups": [
              "http_server_sg"
            ],
            "source_dest_check": true,
            "subnet_id": "subnet-06e6a6bd1b9e642a6",
            "tags": {
              "provisioner": "terraform"
            },
            "tags_all": {
              "provisioner": "terraform"
            },
            "tenancy": "default",
            "timeouts": null,
            "user_data": "107b64a191b283be7f8304bcbeb1a107d2560a17",
            "user_data_base64": null,
            "user_data_replace_on_change": false,
            "volume_tags": null,
            "vpc_security_group_ids": [
              "sg-06311509592798f43"
            ]
          },
          "sensitive_attributes": [],
          "private": "eyJlMmJmYjczMC1lY2FhLTExZTYtOGY4OC0zNDM2M2JjN2M0YzAiOnsiY3JlYXRlIjo2MDAwMDAwMDAwMDAsImRlbGV0ZSI6MTIwMDAwMDAwMDAwMCwidXBkYXRlIjo2MDAwMDAwMDAwMDB9LCJzY2hlbWFfdmVyc2lvbiI6IjEifQ==",
          "dependencies": [
            "aws_key_pair.test_instance_ssh_key",
            "aws_security_group.test_instance_sg",
            "data.aws_vpc.default_vpc",
            "data.template_file.test_inst_user_data"
          ]
        }
      ]
    },
    {
      "mode": "managed",
      "type": "aws_key_pair",
      "name": "test_instance_ssh_key",
      "provider": "provider[\"registry.terraform.io/hashicorp/aws\"]",
      "instances": [
        {
          "schema_version": 1,
          "attributes": {
            "arn": "arn:aws:ec2:us-west-2:198057327007:key-pair/deployer",
            "fingerprint": "71:cb:e3:9e:ac:a3:b5:ac:ff:05:93:34:06:2f:87:36",
            "id": "deployer",
            "key_name": "deployer",
            "key_name_prefix": "",
            "key_pair_id": "key-0e023176aa4bf26cd",
            "key_type": "rsa",
            "public_key": "ssh-rsa AAAAB3NzaC1yc2EAAAADAQABAAABAQDMMHlD78dRaVFRbRYzZOou4raU6wRXn8naAA7dFEivPOR9g3kdFakHF4MsBor1hq7CVVBpc6IwptN110ksg3g/ZZkieggIRf7XgM7tlH3wBAuv3Ob+zRaCcXhqSW01vVGFks23LdL/+nZGHMNoUoV5Ez4p84TOhYh86qQACh/dwc8NU8zC2oG9NKNBVHbUHvLXHfKcjm8vhyHxErgx1KEqz2XPKh6E9GQpUViVij4eHPLVBWZ6g3m0avtQ3QV1xi434D8WJgNnduYNcewiG1BeqSzET5vbJec+7DAFKoRKDQj112AaNkjc5GgYmUJNoApWVni77AS8RTRRzCOsVdpJ eladlevy@DESKTOP-DILUMTC",
            "tags": {},
            "tags_all": {}
          },
          "sensitive_attributes": [],
          "private": "eyJzY2hlbWFfdmVyc2lvbiI6IjEifQ=="
        }
      ]
    },
    {
      "mode": "managed",
      "type": "aws_security_group",
      "name": "test_instance_sg",
      "provider": "provider[\"registry.terraform.io/hashicorp/aws\"]",
      "instances": [
        {
          "schema_version": 1,
          "attributes": {
            "arn": "arn:aws:ec2:us-west-2:198057327007:security-group/sg-06311509592798f43",
            "description": "Allow http from anywhere and ssh from deployer",
            "egress": [
              {
                "cidr_blocks": [
                  "0.0.0.0/0"
                ],
                "description": "Allow all outgoing traffic",
                "from_port": 0,
                "ipv6_cidr_blocks": [],
                "prefix_list_ids": [],
                "protocol": "-1",
                "security_groups": [],
                "self": false,
                "to_port": 0
              }
            ],
            "id": "sg-06311509592798f43",
            "ingress": [
              {
                "cidr_blocks": [
                  "0.0.0.0/0"
                ],
                "description": "HTTP",
                "from_port": 80,
                "ipv6_cidr_blocks": [],
                "prefix_list_ids": [],
                "protocol": "tcp",
                "security_groups": [],
                "self": false,
                "to_port": 80
              },
              {
                "cidr_blocks": [
                  "147.235.204.79/32"
                ],
                "description": "SSH from my IP",
                "from_port": 22,
                "ipv6_cidr_blocks": [],
                "prefix_list_ids": [],
                "protocol": "tcp",
                "security_groups": [],
                "self": false,
                "to_port": 22
              }
            ],
            "name": "http_server_sg",
            "name_prefix": "",
            "owner_id": "198057327007",
            "revoke_rules_on_delete": false,
            "tags": {
              "provisioner": "terraform"
            },
            "tags_all": {
              "provisioner": "terraform"
            },
            "timeouts": null,
            "vpc_id": "vpc-016d7f2f9795c85e2"
          },
          "sensitive_attributes": [],
          "private": "eyJlMmJmYjczMC1lY2FhLTExZTYtOGY4OC0zNDM2M2JjN2M0YzAiOnsiY3JlYXRlIjo2MDAwMDAwMDAwMDAsImRlbGV0ZSI6OTAwMDAwMDAwMDAwfSwic2NoZW1hX3ZlcnNpb24iOiIxIn0=",
          "dependencies": [
            "data.aws_vpc.default_vpc"
          ]
        }
      ]
    },
    {
      "mode": "managed",
      "type": "null_resource",
      "name": "wait-for-ec2-provision",
      "provider": "provider[\"registry.terraform.io/hashicorp/null\"]",
      "instances": [
        {
          "schema_version": 0,
          "attributes": {
            "id": "9098928870188877129",
            "triggers": null
          },
          "sensitive_attributes": [],
          "dependencies": [
            "aws_instance.test-instance"
          ]
        }
      ]
    }
  ],
  "check_results": null
}
